
Microsoft Visual Studio Solution File, Format Version 12.00
# Visual Studio 15
VisualStudioVersion = 15.0.26430.15
MinimumVisualStudioVersion = 10.0.40219.1
Project("{FAE04EC0-301F-11D3-BF4B-00C04F79EFBC}") = "Kevin-Ma_Lab05_Ex01", "Kevin-Ma_Lab05_Ex01\Kevin-Ma_Lab05_Ex01.csproj", "{68FE8227-F8C8-4C6A-ACD7-20DDE378DBF6}"
EndProject
Project("{FAE04EC0-301F-11D3-BF4B-00C04F79EFBC}") = "Kevin-Ma_Lab05_Ex02", "Kevin-Ma_Lab05_Ex02\Kevin-Ma_Lab05_Ex02.csproj", "{BEC96D55-7180-4845-B8C2-90F1C8DE8495}"
EndProject
Project("{FAE04EC0-301F-11D3-BF4B-00C04F79EFBC}") = "Kevin-Ma_Lab05_Ex03", "Kevin-Ma_Lab05_Ex03\Kevin-Ma_Lab05_Ex03.csproj", "{1461538C-9268-4AB1-BC1E-134C745953DB}"
EndProject
Global
	GlobalSection(SolutionConfigurationPlatforms) = preSolution
		Debug|Any CPU = Debug|Any CPU
		Release|Any CPU = Release|Any CPU
	EndGlobalSection
	GlobalSection(ProjectConfigurationPlatforms) = postSolution
		{68FE8227-F8C8-4C6A-ACD7-20DDE378DBF6}.Debug|Any CPU.ActiveCfg = Debug|Any CPU
		{68FE8227-F8C8-4C6A-ACD7-20DDE378DBF6}.Debug|Any CPU.Build.0 = Debug|Any CPU
		{68FE8227-F8C8-4C6A-ACD7-20DDE378DBF6}.Release|Any CPU.ActiveCfg = Release|Any CPU
		{68FE8227-F8C8-4C6A-ACD7-20DDE378DBF6}.Release|Any CPU.Build.0 = Release|Any CPU
		{BEC96D55-7180-4845-B8C2-90F1C8DE8495}.Debug|Any CPU.ActiveCfg = Debug|Any CPU
		{BEC96D55-7180-4845-B8C2-90F1C8DE8495}.Debug|Any CPU.Build.0 = Debug|Any CPU
		{BEC96D55-7180-4845-B8C2-90F1C8DE8495}.Release|Any CPU.ActiveCfg = Release|Any CPU
		{BEC96D55-7180-4845-B8C2-90F1C8DE8495}.Release|Any CPU.Build.0 = Release|Any CPU
		{1461538C-9268-4AB1-BC1E-134C745953DB}.Debug|Any CPU.ActiveCfg = Debug|Any CPU
		{1461538C-9268-4AB1-BC1E-134C745953DB}.Debug|Any CPU.Build.0 = Debug|Any CPU
		{1461538C-9268-4AB1-BC1E-134C745953DB}.Release|Any CPU.ActiveCfg = Release|Any CPU
		{1461538C-9268-4AB1-BC1E-134C745953DB}.Release|Any CPU.Build.0 = Release|Any CPU
	EndGlobalSection
	GlobalSection(SolutionProperties) = preSolution
		HideSolutionNode = FALSE
	EndGlobalSection
EndGlobal
